
Microsoft Visual Studio Solution File, Format Version 12.00
# Visual Studio Version 17
VisualStudioVersion = 17.10.35013.160
MinimumVisualStudioVersion = 10.0.40219.1
Project("{FAE04EC0-301F-11D3-BF4B-00C04F79EFBC}") = "ConsoleApp1", "ConsoleApp1\ConsoleApp1.csproj", "{6C948A16-8666-44B7-9643-2387F16C90B5}"
EndProject
Global
	GlobalSection(SolutionConfigurationPlatforms) = preSolution
		Debug|Any CPU = Debug|Any CPU
		Release|Any CPU = Release|Any CPU
	EndGlobalSection
	GlobalSection(ProjectConfigurationPlatforms) = postSolution
		{6C948A16-8666-44B7-9643-2387F16C90B5}.Debug|Any CPU.ActiveCfg = Debug|Any CPU
		{6C948A16-8666-44B7-9643-2387F16C90B5}.Debug|Any CPU.Build.0 = Debug|Any CPU
		{6C948A16-8666-44B7-9643-2387F16C90B5}.Release|Any CPU.ActiveCfg = Release|Any CPU
		{6C948A16-8666-44B7-9643-2387F16C90B5}.Release|Any CPU.Build.0 = Release|Any CPU
	EndGlobalSection
	GlobalSection(SolutionProperties) = preSolution
		HideSolutionNode = FALSE
	EndGlobalSection
	GlobalSection(ExtensibilityGlobals) = postSolution
		SolutionGuid = {7D94E3DA-5227-4086-8143-6326B70C7CA7}
	EndGlobalSection
EndGlobal
